{
  "version": 4,
  "terraform_version": "1.14.6",
  "serial": 53,
  "lineage": "8ad8e987-9c57-2cae-193b-f3a9335d03a2",
  "outputs": {
    "etcd_private_ips": {
      "value": {
        "etcd1": "10.50.10.11",
        "etcd2": "10.50.20.11",
        "etcd3": "10.50.30.11"
      },
      "type": [
        "object",
        {
          "etcd1": "string",
          "etcd2": "string",
          "etcd3": "string"
        }
      ]
    },
    "etcd_public_ips": {
      "value": {
        "etcd1": "93.77.187.112",
        "etcd2": "158.160.68.195",
        "etcd3": "158.160.222.162"
      },
      "type": [
        "object",
        {
          "etcd1": "string",
          "etcd2": "string",
          "etcd3": "string"
        }
      ]
    },
    "generated_inventory_file": {
      "value": "./../../../../generated/inventory/etcd.yml",
      "type": "string"
    }
  },
  "resources": [
    {
      "mode": "data",
      "type": "yandex_compute_image",
      "name": "ubuntu",
      "provider": "provider[\"registry.terraform.io/yandex-cloud/yandex\"]",
      "instances": [
        {
          "schema_version": 0,
          "attributes": {
            "created_at": "2026-03-02T11:42:47Z",
            "description": "Ubuntu 24.04 lts v20260220040910",
            "family": "ubuntu-2404-lts",
            "folder_id": "standard-images",
            "hardware_generation": [
              {
                "generation2_features": [],
                "legacy_features": [
                  {
                    "pci_topology": "PCI_TOPOLOGY_V2"
                  }
                ]
              }
            ],
            "id": "fd8kgf1n4lk46ce8mrvg",
            "image_id": "fd8kgf1n4lk46ce8mrvg",
            "kms_key_id": null,
            "labels": {
              "version": "20260220040910",
              "x-hopper-operation-id": "d9pkbft1nthe8g463ip9",
              "x-hopper-source-image-id": "fd8a48q2a4b6it73cqhv"
            },
            "min_disk_size": 10,
            "name": "ubuntu-24-04-lts-v20260302",
            "os_type": "linux",
            "pooled": true,
            "product_ids": [
              "f2eg9kl4802tmo8pc663"
            ],
            "size": 3,
            "status": "ready"
          },
          "sensitive_attributes": [],
          "identity_schema_version": 0
        }
      ]
    },
    {
      "mode": "data",
      "type": "yandex_vpc_subnet",
      "name": "subnets",
      "provider": "provider[\"registry.terraform.io/yandex-cloud/yandex\"]",
      "instances": [
        {
          "index_key": "dr-a",
          "schema_version": 0,
          "attributes": {
            "created_at": "2026-03-02T17:43:06Z",
            "description": "",
            "dhcp_options": [],
            "folder_id": "b1g40ajl11ihbfbj47q1",
            "id": "e9blv9dv9lkk95thmk49",
            "labels": {},
            "name": "dr-a",
            "network_id": "enpg0lpcfbvv1v7eeelr",
            "route_table_id": "enp0cjae9jtu011os700",
            "subnet_id": "e9blv9dv9lkk95thmk49",
            "v4_cidr_blocks": [
              "10.50.10.0/24"
            ],
            "v6_cidr_blocks": [],
            "zone": "ru-central1-a"
          },
          "sensitive_attributes": [],
          "identity_schema_version": 0
        },
        {
          "index_key": "dr-b",
          "schema_version": 0,
          "attributes": {
            "created_at": "2026-03-02T17:43:16Z",
            "description": "",
            "dhcp_options": [],
            "folder_id": "b1g40ajl11ihbfbj47q1",
            "id": "e2lqgc1kim2e7sj36f1h",
            "labels": {},
            "name": "dr-b",
            "network_id": "enpg0lpcfbvv1v7eeelr",
            "route_table_id": "enp0cjae9jtu011os700",
            "subnet_id": "e2lqgc1kim2e7sj36f1h",
            "v4_cidr_blocks": [
              "10.50.20.0/24"
            ],
            "v6_cidr_blocks": [],
            "zone": "ru-central1-b"
          },
          "sensitive_attributes": [],
          "identity_schema_version": 0
        },
        {
          "index_key": "dr-d",
          "schema_version": 0,
          "attributes": {
            "created_at": "2026-03-02T17:47:31Z",
            "description": "",
            "dhcp_options": [],
            "folder_id": "b1g40ajl11ihbfbj47q1",
            "id": "fl807ssq1tf6vuno2ovb",
            "labels": {},
            "name": "dr-d",
            "network_id": "enpg0lpcfbvv1v7eeelr",
            "route_table_id": "enp0cjae9jtu011os700",
            "subnet_id": "fl807ssq1tf6vuno2ovb",
            "v4_cidr_blocks": [
              "10.50.30.0/24"
            ],
            "v6_cidr_blocks": [],
            "zone": "ru-central1-d"
          },
          "sensitive_attributes": [],
          "identity_schema_version": 0
        }
      ]
    },
    {
      "mode": "managed",
      "type": "local_file",
      "name": "ansible_inventory",
      "provider": "provider[\"registry.terraform.io/hashicorp/local\"]",
      "instances": [
        {
          "schema_version": 0,
          "attributes": {
            "content": "\"all\":\n  \"children\":\n    \"etcd\":\n      \"hosts\":\n        \"etcd1\":\n          \"ansible_host\": \"10.50.10.11\"\n          \"etcd_name\": \"etcd1\"\n          \"private_ip\": \"10.50.10.11\"\n          \"public_ip\": \"93.77.187.112\"\n        \"etcd2\":\n          \"ansible_host\": \"10.50.20.11\"\n          \"etcd_name\": \"etcd2\"\n          \"private_ip\": \"10.50.20.11\"\n          \"public_ip\": \"158.160.68.195\"\n        \"etcd3\":\n          \"ansible_host\": \"10.50.30.11\"\n          \"etcd_name\": \"etcd3\"\n          \"private_ip\": \"10.50.30.11\"\n          \"public_ip\": \"158.160.222.162\"\n",
            "content_base64": null,
            "content_base64sha256": "u7Kuo2kcSmQfhm6ohdbFKbsqQKpjVl0cTMsMLJq6bkc=",
            "content_base64sha512": "5tASlvwslIKyzvnZozBBzGmfPEfdFJoPlEK3PA4m68hOfp+h5RjJ3fEIvluB+A0BeLVggjAlJlc6X2LuJ/+mhA==",
            "content_md5": "f2d7cf8587018fa523b90dc1f5d29bdf",
            "content_sha1": "eb7a7eeef22a35e44d5d866d98ce719d4a64a54c",
            "content_sha256": "bbb2aea3691c4a641f866ea885d6c529bb2a40aa63565d1c4ccb0c2c9aba6e47",
            "content_sha512": "e6d01296fc2c9482b2cef9d9a33041cc699f3c47dd149a0f9442b73c0e26ebc84e7e9fa1e518c9ddf108be5b81f80d0178b56082302526573a5f62ee27ffa684",
            "directory_permission": "0777",
            "file_permission": "0777",
            "filename": "./../../../../generated/inventory/etcd.yml",
            "id": "eb7a7eeef22a35e44d5d866d98ce719d4a64a54c",
            "sensitive_content": null,
            "source": null
          },
          "sensitive_attributes": [
            [
              {
                "type": "get_attr",
                "value": "sensitive_content"
              }
            ]
          ],
          "identity_schema_version": 0,
          "dependencies": [
            "data.yandex_compute_image.ubuntu",
            "data.yandex_vpc_subnet.subnets",
            "yandex_compute_instance.etcd"
          ]
        }
      ]
    },
    {
      "mode": "managed",
      "type": "yandex_compute_instance",
      "name": "etcd",
      "provider": "provider[\"registry.terraform.io/yandex-cloud/yandex\"]",
      "instances": [
        {
          "index_key": "etcd1",
          "schema_version": 1,
          "attributes": {
            "allow_recreate": null,
            "allow_stopping_for_update": null,
            "boot_disk": [
              {
                "auto_delete": true,
                "device_name": "fhmquhpv1haehljs8g2c",
                "disk_id": "fhmquhpv1haehljs8g2c",
                "initialize_params": [
                  {
                    "block_size": 4096,
                    "description": "",
                    "image_id": "fd8kgf1n4lk46ce8mrvg",
                    "kms_key_id": "",
                    "name": "",
                    "size": 15,
                    "snapshot_id": "",
                    "type": "network-hdd"
                  }
                ],
                "mode": "READ_WRITE"
              }
            ],
            "created_at": "2026-03-08T09:02:27Z",
            "description": "",
            "filesystem": [],
            "folder_id": "b1g40ajl11ihbfbj47q1",
            "fqdn": "etcd1.ru-central1.internal",
            "gpu_cluster_id": "",
            "hardware_generation": [
              {
                "generation2_features": [],
                "legacy_features": [
                  {
                    "pci_topology": "PCI_TOPOLOGY_V2"
                  }
                ]
              }
            ],
            "hostname": "etcd1",
            "id": "fhm254khj1t4ar0uv1fh",
            "labels": null,
            "local_disk": [],
            "maintenance_grace_period": "",
            "maintenance_policy": null,
            "metadata": {
              "user-data": "#cloud-config\nhostname: etcd1\nfqdn: etcd1\n\nusers:\n  - name: otus-sb\n    groups: sudo\n    shell: /bin/bash\n    sudo: \"ALL=(ALL) NOPASSWD:ALL\"\n    ssh_authorized_keys:\n      - ssh-ed25519 se@Note\n\npackage_update: true\npackage_upgrade: false\n\nwrite_files:\n  - path: /etc/apt/sources.list.d/99-yandex-mirror.sources\n    permissions: \"0644\"\n    content: |\n      Types: deb\n      URIs: http://mirror.yandex.ru/ubuntu/\n      Suites: noble noble-updates noble-security\n      Components: main restricted universe multiverse\n      Signed-By: /usr/share/keyrings/ubuntu-archive-keyring.gpg\n\npackages:\n  - python3\n  - python3-apt\n  - curl\n  - ca-certificates\n  - jq\n\nruncmd:\n  - rm -f /etc/apt/sources.list.d/ubuntu.sources || true\n  - apt-get update\n"
            },
            "metadata_options": [
              {
                "aws_v1_http_endpoint": 1,
                "aws_v1_http_token": 2,
                "gce_http_endpoint": 1,
                "gce_http_token": 1
              }
            ],
            "name": "etcd1",
            "network_acceleration_type": "standard",
            "network_interface": [
              {
                "dns_record": [],
                "index": 0,
                "ip_address": "10.50.10.11",
                "ipv4": true,
                "ipv6": false,
                "ipv6_address": "",
                "ipv6_dns_record": [],
                "mac_address": "d0:0d:22:92:91:98",
                "nat": true,
                "nat_dns_record": [],
                "nat_ip_address": "93.77.187.112",
                "nat_ip_version": "IPV4",
                "security_group_ids": [
                  "enphm961tnuld4nh383u",
                  "enpnsr3m496m276s4ig1",
                  "enpukkl0c2ovs8vfqfr4"
                ],
                "subnet_id": "e9blv9dv9lkk95thmk49"
              }
            ],
            "placement_policy": [
              {
                "host_affinity_rules": [],
                "placement_group_id": "",
                "placement_group_partition": 0
              }
            ],
            "platform_id": "standard-v3",
            "resources": [
              {
                "core_fraction": 20,
                "cores": 2,
                "gpus": 0,
                "memory": 2
              }
            ],
            "scheduling_policy": [
              {
                "preemptible": false
              }
            ],
            "secondary_disk": [],
            "service_account_id": "",
            "status": "running",
            "timeouts": null,
            "zone": "ru-central1-a"
          },
          "sensitive_attributes": [],
          "identity_schema_version": 0,
          "private": "eyJlMmJmYjczMC1lY2FhLTExZTYtOGY4OC0zNDM2M2JjN2M0YzAiOnsiY3JlYXRlIjozMDAwMDAwMDAwMDAsImRlbGV0ZSI6MzAwMDAwMDAwMDAwLCJ1cGRhdGUiOjMwMDAwMDAwMDAwMH0sInNjaGVtYV92ZXJzaW9uIjoiMSJ9",
          "dependencies": [
            "data.yandex_compute_image.ubuntu",
            "data.yandex_vpc_subnet.subnets"
          ]
        },
        {
          "index_key": "etcd2",
          "schema_version": 1,
          "attributes": {
            "allow_recreate": null,
            "allow_stopping_for_update": null,
            "boot_disk": [
              {
                "auto_delete": true,
                "device_name": "epdq0j2ep1obtn8hp7ac",
                "disk_id": "epdq0j2ep1obtn8hp7ac",
                "initialize_params": [
                  {
                    "block_size": 4096,
                    "description": "",
                    "image_id": "fd8kgf1n4lk46ce8mrvg",
                    "kms_key_id": "",
                    "name": "",
                    "size": 15,
                    "snapshot_id": "",
                    "type": "network-hdd"
                  }
                ],
                "mode": "READ_WRITE"
              }
            ],
            "created_at": "2026-03-08T09:02:27Z",
            "description": "",
            "filesystem": [],
            "folder_id": "b1g40ajl11ihbfbj47q1",
            "fqdn": "etcd2.ru-central1.internal",
            "gpu_cluster_id": "",
            "hardware_generation": [
              {
                "generation2_features": [],
                "legacy_features": [
                  {
                    "pci_topology": "PCI_TOPOLOGY_V2"
                  }
                ]
              }
            ],
            "hostname": "etcd2",
            "id": "epdltp8kro1m9e9u8f80",
            "labels": null,
            "local_disk": [],
            "maintenance_grace_period": "",
            "maintenance_policy": null,
            "metadata": {
              "user-data": "#cloud-config\nhostname: etcd2\nfqdn: etcd2\n\nusers:\n  - name: otus-sb\n    groups: sudo\n    shell: /bin/bash\n    sudo: \"ALL=(ALL) NOPASSWD:ALL\"\n    ssh_authorized_keys:\n      - ssh-ed25519 se@Note\n\npackage_update: true\npackage_upgrade: false\n\nwrite_files:\n  - path: /etc/apt/sources.list.d/99-yandex-mirror.sources\n    permissions: \"0644\"\n    content: |\n      Types: deb\n      URIs: http://mirror.yandex.ru/ubuntu/\n      Suites: noble noble-updates noble-security\n      Components: main restricted universe multiverse\n      Signed-By: /usr/share/keyrings/ubuntu-archive-keyring.gpg\n\npackages:\n  - python3\n  - python3-apt\n  - curl\n  - ca-certificates\n  - jq\n\nruncmd:\n  - rm -f /etc/apt/sources.list.d/ubuntu.sources || true\n  - apt-get update\n"
            },
            "metadata_options": [
              {
                "aws_v1_http_endpoint": 1,
                "aws_v1_http_token": 2,
                "gce_http_endpoint": 1,
                "gce_http_token": 1
              }
            ],
            "name": "etcd2",
            "network_acceleration_type": "standard",
            "network_interface": [
              {
                "dns_record": [],
                "index": 0,
                "ip_address": "10.50.20.11",
                "ipv4": true,
                "ipv6": false,
                "ipv6_address": "",
                "ipv6_dns_record": [],
                "mac_address": "d0:0d:15:ee:51:4d",
                "nat": true,
                "nat_dns_record": [],
                "nat_ip_address": "158.160.68.195",
                "nat_ip_version": "IPV4",
                "security_group_ids": [
                  "enphm961tnuld4nh383u",
                  "enpnsr3m496m276s4ig1",
                  "enpukkl0c2ovs8vfqfr4"
                ],
                "subnet_id": "e2lqgc1kim2e7sj36f1h"
              }
            ],
            "placement_policy": [
              {
                "host_affinity_rules": [],
                "placement_group_id": "",
                "placement_group_partition": 0
              }
            ],
            "platform_id": "standard-v3",
            "resources": [
              {
                "core_fraction": 20,
                "cores": 2,
                "gpus": 0,
                "memory": 2
              }
            ],
            "scheduling_policy": [
              {
                "preemptible": false
              }
            ],
            "secondary_disk": [],
            "service_account_id": "",
            "status": "running",
            "timeouts": null,
            "zone": "ru-central1-b"
          },
          "sensitive_attributes": [],
          "identity_schema_version": 0,
          "private": "eyJlMmJmYjczMC1lY2FhLTExZTYtOGY4OC0zNDM2M2JjN2M0YzAiOnsiY3JlYXRlIjozMDAwMDAwMDAwMDAsImRlbGV0ZSI6MzAwMDAwMDAwMDAwLCJ1cGRhdGUiOjMwMDAwMDAwMDAwMH0sInNjaGVtYV92ZXJzaW9uIjoiMSJ9",
          "dependencies": [
            "data.yandex_compute_image.ubuntu",
            "data.yandex_vpc_subnet.subnets"
          ]
        },
        {
          "index_key": "etcd3",
          "schema_version": 1,
          "attributes": {
            "allow_recreate": null,
            "allow_stopping_for_update": null,
            "boot_disk": [
              {
                "auto_delete": true,
                "device_name": "fv4du5v3e5kldsm2odot",
                "disk_id": "fv4du5v3e5kldsm2odot",
                "initialize_params": [
                  {
                    "block_size": 4096,
                    "description": "",
                    "image_id": "fd8kgf1n4lk46ce8mrvg",
                    "kms_key_id": "",
                    "name": "",
                    "size": 15,
                    "snapshot_id": "",
                    "type": "network-hdd"
                  }
                ],
                "mode": "READ_WRITE"
              }
            ],
            "created_at": "2026-03-08T09:02:27Z",
            "description": "",
            "filesystem": [],
            "folder_id": "b1g40ajl11ihbfbj47q1",
            "fqdn": "etcd3.ru-central1.internal",
            "gpu_cluster_id": "",
            "hardware_generation": [
              {
                "generation2_features": [],
                "legacy_features": [
                  {
                    "pci_topology": "PCI_TOPOLOGY_V2"
                  }
                ]
              }
            ],
            "hostname": "etcd3",
            "id": "fv4k81slccsb22l9entp",
            "labels": null,
            "local_disk": [],
            "maintenance_grace_period": "",
            "maintenance_policy": null,
            "metadata": {
              "user-data": "#cloud-config\nhostname: etcd3\nfqdn: etcd3\n\nusers:\n  - name: otus-sb\n    groups: sudo\n    shell: /bin/bash\n    sudo: \"ALL=(ALL) NOPASSWD:ALL\"\n    ssh_authorized_keys:\n      - ssh-ed25519  se@Note\n\npackage_update: true\npackage_upgrade: false\n\nwrite_files:\n  - path: /etc/apt/sources.list.d/99-yandex-mirror.sources\n    permissions: \"0644\"\n    content: |\n      Types: deb\n      URIs: http://mirror.yandex.ru/ubuntu/\n      Suites: noble noble-updates noble-security\n      Components: main restricted universe multiverse\n      Signed-By: /usr/share/keyrings/ubuntu-archive-keyring.gpg\n\npackages:\n  - python3\n  - python3-apt\n  - curl\n  - ca-certificates\n  - jq\n\nruncmd:\n  - rm -f /etc/apt/sources.list.d/ubuntu.sources || true\n  - apt-get update\n"
            },
            "metadata_options": [
              {
                "aws_v1_http_endpoint": 1,
                "aws_v1_http_token": 2,
                "gce_http_endpoint": 1,
                "gce_http_token": 1
              }
            ],
            "name": "etcd3",
            "network_acceleration_type": "standard",
            "network_interface": [
              {
                "dns_record": [],
                "index": 0,
                "ip_address": "10.50.30.11",
                "ipv4": true,
                "ipv6": false,
                "ipv6_address": "",
                "ipv6_dns_record": [],
                "mac_address": "d0:0d:14:40:79:56",
                "nat": true,
                "nat_dns_record": [],
                "nat_ip_address": "158.160.222.162",
                "nat_ip_version": "IPV4",
                "security_group_ids": [
                  "enphm961tnuld4nh383u",
                  "enpnsr3m496m276s4ig1",
                  "enpukkl0c2ovs8vfqfr4"
                ],
                "subnet_id": "fl807ssq1tf6vuno2ovb"
              }
            ],
            "placement_policy": [
              {
                "host_affinity_rules": [],
                "placement_group_id": "",
                "placement_group_partition": 0
              }
            ],
            "platform_id": "standard-v3",
            "resources": [
              {
                "core_fraction": 20,
                "cores": 2,
                "gpus": 0,
                "memory": 2
              }
            ],
            "scheduling_policy": [
              {
                "preemptible": false
              }
            ],
            "secondary_disk": [],
            "service_account_id": "",
            "status": "running",
            "timeouts": null,
            "zone": "ru-central1-d"
          },
          "sensitive_attributes": [],
          "identity_schema_version": 0,
          "private": "eyJlMmJmYjczMC1lY2FhLTExZTYtOGY4OC0zNDM2M2JjN2M0YzAiOnsiY3JlYXRlIjozMDAwMDAwMDAwMDAsImRlbGV0ZSI6MzAwMDAwMDAwMDAwLCJ1cGRhdGUiOjMwMDAwMDAwMDAwMH0sInNjaGVtYV92ZXJzaW9uIjoiMSJ9",
          "dependencies": [
            "data.yandex_compute_image.ubuntu",
            "data.yandex_vpc_subnet.subnets"
          ]
        }
      ]
    }
  ],
  "check_results": null
}
