{
  "version": 4,
  "terraform_version": "1.14.6",
  "serial": 24,
  "lineage": "829c9a8f-0464-fe9c-9281-9cf10fb64d31",
  "outputs": {
    "generated_inventory_file": {
      "value": "./../../../../generated/inventory/patroni.yml",
      "type": "string"
    },
    "patroni_private_ips": {
      "value": {
        "dr-pg1": "10.50.10.21",
        "dr-pg2": "10.50.20.21"
      },
      "type": [
        "object",
        {
          "dr-pg1": "string",
          "dr-pg2": "string"
        }
      ]
    },
    "patroni_public_ips": {
      "value": {
        "dr-pg1": "93.77.178.82",
        "dr-pg2": "158.160.20.0"
      },
      "type": [
        "object",
        {
          "dr-pg1": "string",
          "dr-pg2": "string"
        }
      ]
    }
  },
  "resources": [
    {
      "mode": "data",
      "type": "yandex_compute_image",
      "name": "ubuntu",
      "provider": "provider[\"registry.terraform.io/yandex-cloud/yandex\"]",
      "instances": [
        {
          "schema_version": 0,
          "attributes": {
            "created_at": "2026-03-02T11:42:47Z",
            "description": "Ubuntu 24.04 lts v20260220040910",
            "family": "ubuntu-2404-lts",
            "folder_id": "standard-images",
            "hardware_generation": [
              {
                "generation2_features": [],
                "legacy_features": [
                  {
                    "pci_topology": "PCI_TOPOLOGY_V2"
                  }
                ]
              }
            ],
            "id": "fd8kgf1n4lk46ce8mrvg",
            "image_id": "fd8kgf1n4lk46ce8mrvg",
            "kms_key_id": null,
            "labels": {
              "version": "20260220040910",
              "x-hopper-operation-id": "d9pkbft1nthe8g463ip9",
              "x-hopper-source-image-id": "fd8a48q2a4b6it73cqhv"
            },
            "min_disk_size": 10,
            "name": "ubuntu-24-04-lts-v20260302",
            "os_type": "linux",
            "pooled": true,
            "product_ids": [
              "f2eg9kl4802tmo8pc663"
            ],
            "size": 3,
            "status": "ready"
          },
          "sensitive_attributes": [],
          "identity_schema_version": 0
        }
      ]
    },
    {
      "mode": "data",
      "type": "yandex_vpc_subnet",
      "name": "subnets",
      "provider": "provider[\"registry.terraform.io/yandex-cloud/yandex\"]",
      "instances": [
        {
          "index_key": "dr-a",
          "schema_version": 0,
          "attributes": {
            "created_at": "2026-03-02T17:43:06Z",
            "description": "",
            "dhcp_options": [],
            "folder_id": "b1g40ajl11ihbfbj47q1",
            "id": "e9blv9dv9lkk95thmk49",
            "labels": {},
            "name": "dr-a",
            "network_id": "enpg0lpcfbvv1v7eeelr",
            "route_table_id": "enp0cjae9jtu011os700",
            "subnet_id": "e9blv9dv9lkk95thmk49",
            "v4_cidr_blocks": [
              "10.50.10.0/24"
            ],
            "v6_cidr_blocks": [],
            "zone": "ru-central1-a"
          },
          "sensitive_attributes": [],
          "identity_schema_version": 0
        },
        {
          "index_key": "dr-b",
          "schema_version": 0,
          "attributes": {
            "created_at": "2026-03-02T17:43:16Z",
            "description": "",
            "dhcp_options": [],
            "folder_id": "b1g40ajl11ihbfbj47q1",
            "id": "e2lqgc1kim2e7sj36f1h",
            "labels": {},
            "name": "dr-b",
            "network_id": "enpg0lpcfbvv1v7eeelr",
            "route_table_id": "enp0cjae9jtu011os700",
            "subnet_id": "e2lqgc1kim2e7sj36f1h",
            "v4_cidr_blocks": [
              "10.50.20.0/24"
            ],
            "v6_cidr_blocks": [],
            "zone": "ru-central1-b"
          },
          "sensitive_attributes": [],
          "identity_schema_version": 0
        },
        {
          "index_key": "dr-d",
          "schema_version": 0,
          "attributes": {
            "created_at": "2026-03-02T17:47:31Z",
            "description": "",
            "dhcp_options": [],
            "folder_id": "b1g40ajl11ihbfbj47q1",
            "id": "fl807ssq1tf6vuno2ovb",
            "labels": {},
            "name": "dr-d",
            "network_id": "enpg0lpcfbvv1v7eeelr",
            "route_table_id": "enp0cjae9jtu011os700",
            "subnet_id": "fl807ssq1tf6vuno2ovb",
            "v4_cidr_blocks": [
              "10.50.30.0/24"
            ],
            "v6_cidr_blocks": [],
            "zone": "ru-central1-d"
          },
          "sensitive_attributes": [],
          "identity_schema_version": 0
        }
      ]
    },
    {
      "mode": "managed",
      "type": "local_file",
      "name": "ansible_inventory",
      "provider": "provider[\"registry.terraform.io/hashicorp/local\"]",
      "instances": [
        {
          "schema_version": 0,
          "attributes": {
            "content": "\"all\":\n  \"children\":\n    \"patroni\":\n      \"hosts\":\n        \"dr-pg1\":\n          \"ansible_host\": \"10.50.10.21\"\n          \"patroni_name\": \"dr-pg1\"\n          \"patroni_rest\": \"10.50.10.21:8008\"\n          \"postgres_addr\": \"10.50.10.21:5432\"\n          \"private_ip\": \"10.50.10.21\"\n          \"public_ip\": \"93.77.178.82\"\n        \"dr-pg2\":\n          \"ansible_host\": \"10.50.20.21\"\n          \"patroni_name\": \"dr-pg2\"\n          \"patroni_rest\": \"10.50.20.21:8008\"\n          \"postgres_addr\": \"10.50.20.21:5432\"\n          \"private_ip\": \"10.50.20.21\"\n          \"public_ip\": \"158.160.20.0\"\n",
            "content_base64": null,
            "content_base64sha256": "DsZ0N8CL6wIcMt+YcPdbJy6z0whh95UScYd+8m7nDJw=",
            "content_base64sha512": "lF60JqmFj1CynwD7jU9ue0vxyJy1yog1ei4gW7pGvc8fX9+b8yNFvkzRkPcUHr7Jq4Qb+NWOvLR9ZNqRPTL6zg==",
            "content_md5": "ed2de39672b3ae1ca1edd2b7adb9d2ac",
            "content_sha1": "25e932c3b49ff5185837253216028c47a6b639f6",
            "content_sha256": "0ec67437c08beb021c32df9870f75b272eb3d30861f7951271877ef26ee70c9c",
            "content_sha512": "945eb426a9858f50b29f00fb8d4f6e7b4bf1c89cb5ca88357a2e205bba46bdcf1f5fdf9bf32345be4cd190f7141ebec9ab841bf8d58ebcb47d64da913d32face",
            "directory_permission": "0777",
            "file_permission": "0777",
            "filename": "./../../../../generated/inventory/patroni.yml",
            "id": "25e932c3b49ff5185837253216028c47a6b639f6",
            "sensitive_content": null,
            "source": null
          },
          "sensitive_attributes": [
            [
              {
                "type": "get_attr",
                "value": "sensitive_content"
              }
            ]
          ],
          "identity_schema_version": 0,
          "dependencies": [
            "data.yandex_compute_image.ubuntu",
            "data.yandex_vpc_subnet.subnets",
            "yandex_compute_instance.patroni"
          ]
        }
      ]
    },
    {
      "mode": "managed",
      "type": "yandex_compute_instance",
      "name": "patroni",
      "provider": "provider[\"registry.terraform.io/yandex-cloud/yandex\"]",
      "instances": [
        {
          "index_key": "dr-pg1",
          "schema_version": 1,
          "attributes": {
            "allow_recreate": null,
            "allow_stopping_for_update": null,
            "boot_disk": [
              {
                "auto_delete": true,
                "device_name": "fhmucafmvvdksaf3qb88",
                "disk_id": "fhmucafmvvdksaf3qb88",
                "initialize_params": [
                  {
                    "block_size": 4096,
                    "description": "",
                    "image_id": "fd8kgf1n4lk46ce8mrvg",
                    "kms_key_id": "",
                    "name": "",
                    "size": 15,
                    "snapshot_id": "",
                    "type": "network-hdd"
                  }
                ],
                "mode": "READ_WRITE"
              }
            ],
            "created_at": "2026-03-07T16:49:13Z",
            "description": "",
            "filesystem": [],
            "folder_id": "b1g40ajl11ihbfbj47q1",
            "fqdn": "dr-pg1.ru-central1.internal",
            "gpu_cluster_id": "",
            "hardware_generation": [
              {
                "generation2_features": [],
                "legacy_features": [
                  {
                    "pci_topology": "PCI_TOPOLOGY_V2"
                  }
                ]
              }
            ],
            "hostname": "dr-pg1",
            "id": "fhml8jl0b99p13oo4d9d",
            "labels": null,
            "local_disk": [],
            "maintenance_grace_period": "",
            "maintenance_policy": null,
            "metadata": {
              "user-data": "#cloud-config\nhostname: dr-pg1\nfqdn: dr-pg1\n\nusers:\n  - name: otus-sb\n    groups: sudo\n    shell: /bin/bash\n    sudo: \"ALL=(ALL) NOPASSWD:ALL\"\n    ssh_authorized_keys:\n      - ssh-ed25519 se@Note\n\npackage_update: true\npackage_upgrade: false\n\nwrite_files:\n  - path: /etc/apt/sources.list.d/99-yandex-mirror.sources\n    permissions: \"0644\"\n    content: |\n      Types: deb\n      URIs: http://mirror.yandex.ru/ubuntu/\n      Suites: noble noble-updates noble-security\n      Components: main restricted universe multiverse\n      Signed-By: /usr/share/keyrings/ubuntu-archive-keyring.gpg\n\npackages:\n  - python3\n  - python3-apt\n  - curl\n  - ca-certificates\n  - jq\n\nruncmd:\n  - rm -f /etc/apt/sources.list.d/ubuntu.sources || true\n  - apt-get update\n"
            },
            "metadata_options": [
              {
                "aws_v1_http_endpoint": 1,
                "aws_v1_http_token": 2,
                "gce_http_endpoint": 1,
                "gce_http_token": 1
              }
            ],
            "name": "dr-pg1",
            "network_acceleration_type": "standard",
            "network_interface": [
              {
                "dns_record": [],
                "index": 0,
                "ip_address": "10.50.10.21",
                "ipv4": true,
                "ipv6": false,
                "ipv6_address": "",
                "ipv6_dns_record": [],
                "mac_address": "d0:0d:15:44:ea:05",
                "nat": true,
                "nat_dns_record": [],
                "nat_ip_address": "93.77.178.82",
                "nat_ip_version": "IPV4",
                "security_group_ids": [
                  "enphm961tnuld4nh383u",
                  "enpukkl0c2ovs8vfqfr4"
                ],
                "subnet_id": "e9blv9dv9lkk95thmk49"
              }
            ],
            "placement_policy": [
              {
                "host_affinity_rules": [],
                "placement_group_id": "",
                "placement_group_partition": 0
              }
            ],
            "platform_id": "standard-v3",
            "resources": [
              {
                "core_fraction": 20,
                "cores": 2,
                "gpus": 0,
                "memory": 2
              }
            ],
            "scheduling_policy": [
              {
                "preemptible": false
              }
            ],
            "secondary_disk": [],
            "service_account_id": "",
            "status": "running",
            "timeouts": null,
            "zone": "ru-central1-a"
          },
          "sensitive_attributes": [],
          "identity_schema_version": 0,
          "private": "eyJlMmJmYjczMC1lY2FhLTExZTYtOGY4OC0zNDM2M2JjN2M0YzAiOnsiY3JlYXRlIjozMDAwMDAwMDAwMDAsImRlbGV0ZSI6MzAwMDAwMDAwMDAwLCJ1cGRhdGUiOjMwMDAwMDAwMDAwMH0sInNjaGVtYV92ZXJzaW9uIjoiMSJ9",
          "dependencies": [
            "data.yandex_compute_image.ubuntu",
            "data.yandex_vpc_subnet.subnets"
          ]
        },
        {
          "index_key": "dr-pg2",
          "schema_version": 1,
          "attributes": {
            "allow_recreate": null,
            "allow_stopping_for_update": null,
            "boot_disk": [
              {
                "auto_delete": true,
                "device_name": "epdle4lhn5enuff7apnn",
                "disk_id": "epdle4lhn5enuff7apnn",
                "initialize_params": [
                  {
                    "block_size": 4096,
                    "description": "",
                    "image_id": "fd8kgf1n4lk46ce8mrvg",
                    "kms_key_id": "",
                    "name": "",
                    "size": 15,
                    "snapshot_id": "",
                    "type": "network-hdd"
                  }
                ],
                "mode": "READ_WRITE"
              }
            ],
            "created_at": "2026-03-07T16:49:13Z",
            "description": "",
            "filesystem": [],
            "folder_id": "b1g40ajl11ihbfbj47q1",
            "fqdn": "dr-pg2.ru-central1.internal",
            "gpu_cluster_id": "",
            "hardware_generation": [
              {
                "generation2_features": [],
                "legacy_features": [
                  {
                    "pci_topology": "PCI_TOPOLOGY_V2"
                  }
                ]
              }
            ],
            "hostname": "dr-pg2",
            "id": "epds4spunk4f2bu26lq2",
            "labels": null,
            "local_disk": [],
            "maintenance_grace_period": "",
            "maintenance_policy": null,
            "metadata": {
              "user-data": "#cloud-config\nhostname: dr-pg2\nfqdn: dr-pg2\n\nusers:\n  - name: otus-sb\n    groups: sudo\n    shell: /bin/bash\n    sudo: \"ALL=(ALL) NOPASSWD:ALL\"\n    ssh_authorized_keys:\n      - ssh-ed25519 se@Note\n\npackage_update: true\npackage_upgrade: false\n\nwrite_files:\n  - path: /etc/apt/sources.list.d/99-yandex-mirror.sources\n    permissions: \"0644\"\n    content: |\n      Types: deb\n      URIs: http://mirror.yandex.ru/ubuntu/\n      Suites: noble noble-updates noble-security\n      Components: main restricted universe multiverse\n      Signed-By: /usr/share/keyrings/ubuntu-archive-keyring.gpg\n\npackages:\n  - python3\n  - python3-apt\n  - curl\n  - ca-certificates\n  - jq\n\nruncmd:\n  - rm -f /etc/apt/sources.list.d/ubuntu.sources || true\n  - apt-get update\n"
            },
            "metadata_options": [
              {
                "aws_v1_http_endpoint": 1,
                "aws_v1_http_token": 2,
                "gce_http_endpoint": 1,
                "gce_http_token": 1
              }
            ],
            "name": "dr-pg2",
            "network_acceleration_type": "standard",
            "network_interface": [
              {
                "dns_record": [],
                "index": 0,
                "ip_address": "10.50.20.21",
                "ipv4": true,
                "ipv6": false,
                "ipv6_address": "",
                "ipv6_dns_record": [],
                "mac_address": "d0:0d:1c:27:33:eb",
                "nat": true,
                "nat_dns_record": [],
                "nat_ip_address": "158.160.20.0",
                "nat_ip_version": "IPV4",
                "security_group_ids": [
                  "enphm961tnuld4nh383u",
                  "enpukkl0c2ovs8vfqfr4"
                ],
                "subnet_id": "e2lqgc1kim2e7sj36f1h"
              }
            ],
            "placement_policy": [
              {
                "host_affinity_rules": [],
                "placement_group_id": "",
                "placement_group_partition": 0
              }
            ],
            "platform_id": "standard-v3",
            "resources": [
              {
                "core_fraction": 20,
                "cores": 2,
                "gpus": 0,
                "memory": 2
              }
            ],
            "scheduling_policy": [
              {
                "preemptible": false
              }
            ],
            "secondary_disk": [],
            "service_account_id": "",
            "status": "running",
            "timeouts": null,
            "zone": "ru-central1-b"
          },
          "sensitive_attributes": [],
          "identity_schema_version": 0,
          "private": "eyJlMmJmYjczMC1lY2FhLTExZTYtOGY4OC0zNDM2M2JjN2M0YzAiOnsiY3JlYXRlIjozMDAwMDAwMDAwMDAsImRlbGV0ZSI6MzAwMDAwMDAwMDAwLCJ1cGRhdGUiOjMwMDAwMDAwMDAwMH0sInNjaGVtYV92ZXJzaW9uIjoiMSJ9",
          "dependencies": [
            "data.yandex_compute_image.ubuntu",
            "data.yandex_vpc_subnet.subnets"
          ]
        }
      ]
    }
  ],
  "check_results": null
}
