{
  "version": 4,
  "terraform_version": "1.14.6",
  "serial": 26,
  "lineage": "1361dfc7-527d-cd99-61e7-29991ca90808",
  "outputs": {
    "vpn_private_ip": {
      "value": "10.50.10.200",
      "type": "string"
    },
    "vpn_public_ip": {
      "value": "84.201.132.86",
      "type": "string"
    }
  },
  "resources": [
    {
      "mode": "data",
      "type": "yandex_compute_image",
      "name": "ubuntu",
      "provider": "provider[\"registry.terraform.io/yandex-cloud/yandex\"]",
      "instances": [
        {
          "schema_version": 0,
          "attributes": {
            "created_at": "2026-03-02T11:42:47Z",
            "description": "Ubuntu 24.04 lts v20260220040910",
            "family": "ubuntu-2404-lts",
            "folder_id": "standard-images",
            "hardware_generation": [
              {
                "generation2_features": [],
                "legacy_features": [
                  {
                    "pci_topology": "PCI_TOPOLOGY_V2"
                  }
                ]
              }
            ],
            "id": "fd8kgf1n4lk46ce8mrvg",
            "image_id": "fd8kgf1n4lk46ce8mrvg",
            "kms_key_id": null,
            "labels": {
              "version": "20260220040910",
              "x-hopper-operation-id": "d9pkbft1nthe8g463ip9",
              "x-hopper-source-image-id": "fd8a48q2a4b6it73cqhv"
            },
            "min_disk_size": 10,
            "name": "ubuntu-24-04-lts-v20260302",
            "os_type": "linux",
            "pooled": true,
            "product_ids": [
              "f2eg9kl4802tmo8pc663"
            ],
            "size": 3,
            "status": "ready"
          },
          "sensitive_attributes": [],
          "identity_schema_version": 0
        }
      ]
    },
    {
      "mode": "data",
      "type": "yandex_vpc_network",
      "name": "dr",
      "provider": "provider[\"registry.terraform.io/yandex-cloud/yandex\"]",
      "instances": [
        {
          "schema_version": 0,
          "attributes": {
            "created_at": "2026-03-02T17:37:55Z",
            "default_security_group_id": "enpt5v7c3c2utgiql6p9",
            "description": "DR standby: patroni+etcd+proxy",
            "folder_id": "b1g40ajl11ihbfbj47q1",
            "id": "enpg0lpcfbvv1v7eeelr",
            "labels": {},
            "name": "dr-net",
            "network_id": "enpg0lpcfbvv1v7eeelr",
            "subnet_ids": [
              "e2lqgc1kim2e7sj36f1h",
              "e9blv9dv9lkk95thmk49",
              "fl807ssq1tf6vuno2ovb"
            ]
          },
          "sensitive_attributes": [],
          "identity_schema_version": 0
        }
      ]
    },
    {
      "mode": "data",
      "type": "yandex_vpc_subnet",
      "name": "dr_a",
      "provider": "provider[\"registry.terraform.io/yandex-cloud/yandex\"]",
      "instances": [
        {
          "schema_version": 0,
          "attributes": {
            "created_at": "2026-03-02T17:43:06Z",
            "description": "",
            "dhcp_options": [],
            "folder_id": "b1g40ajl11ihbfbj47q1",
            "id": "e9blv9dv9lkk95thmk49",
            "labels": {},
            "name": "dr-a",
            "network_id": "enpg0lpcfbvv1v7eeelr",
            "route_table_id": "enp0cjae9jtu011os700",
            "subnet_id": "e9blv9dv9lkk95thmk49",
            "v4_cidr_blocks": [
              "10.50.10.0/24"
            ],
            "v6_cidr_blocks": [],
            "zone": "ru-central1-a"
          },
          "sensitive_attributes": [],
          "identity_schema_version": 0
        }
      ]
    },
    {
      "mode": "managed",
      "type": "yandex_compute_instance",
      "name": "vpn",
      "provider": "provider[\"registry.terraform.io/yandex-cloud/yandex\"]",
      "instances": [
        {
          "schema_version": 1,
          "attributes": {
            "allow_recreate": null,
            "allow_stopping_for_update": null,
            "boot_disk": [
              {
                "auto_delete": true,
                "device_name": "fhm0en81h1905vrhdv3u",
                "disk_id": "fhm0en81h1905vrhdv3u",
                "initialize_params": [
                  {
                    "block_size": 4096,
                    "description": "",
                    "image_id": "fd8kgf1n4lk46ce8mrvg",
                    "kms_key_id": "",
                    "name": "",
                    "size": 15,
                    "snapshot_id": "",
                    "type": "network-hdd"
                  }
                ],
                "mode": "READ_WRITE"
              }
            ],
            "created_at": "2026-03-06T14:04:42Z",
            "description": "",
            "filesystem": [],
            "folder_id": "b1g40ajl11ihbfbj47q1",
            "fqdn": "vpn-wg.ru-central1.internal",
            "gpu_cluster_id": "",
            "hardware_generation": [
              {
                "generation2_features": [],
                "legacy_features": [
                  {
                    "pci_topology": "PCI_TOPOLOGY_V2"
                  }
                ]
              }
            ],
            "hostname": "vpn-wg",
            "id": "fhmb0nosb5fgqqq28qfg",
            "labels": null,
            "local_disk": [],
            "maintenance_grace_period": "",
            "maintenance_policy": null,
            "metadata": {
              "user-data": "#cloud-config\nssh_pwauth: false\n\nusers:\n  - name: otus-sb\n    groups: sudo\n    shell: /bin/bash\n    sudo: \"ALL=(ALL) NOPASSWD:ALL\"\n    ssh_authorized_keys:\n      - ssh-ed25519 se@Note\n\n# (необязательно, но удобно для диагностики)\npackage_update: true\n"
            },
            "metadata_options": [
              {
                "aws_v1_http_endpoint": 1,
                "aws_v1_http_token": 2,
                "gce_http_endpoint": 1,
                "gce_http_token": 1
              }
            ],
            "name": "vpn-wg",
            "network_acceleration_type": "standard",
            "network_interface": [
              {
                "dns_record": [],
                "index": 0,
                "ip_address": "10.50.10.200",
                "ipv4": true,
                "ipv6": false,
                "ipv6_address": "",
                "ipv6_dns_record": [],
                "mac_address": "d0:0d:b0:5f:1c:59",
                "nat": true,
                "nat_dns_record": [],
                "nat_ip_address": "84.201.132.86",
                "nat_ip_version": "IPV4",
                "security_group_ids": [
                  "enp0006e5ib1rgcud67p"
                ],
                "subnet_id": "e9blv9dv9lkk95thmk49"
              }
            ],
            "placement_policy": [
              {
                "host_affinity_rules": [],
                "placement_group_id": "",
                "placement_group_partition": 0
              }
            ],
            "platform_id": "standard-v3",
            "resources": [
              {
                "core_fraction": 100,
                "cores": 2,
                "gpus": 0,
                "memory": 2
              }
            ],
            "scheduling_policy": [
              {
                "preemptible": false
              }
            ],
            "secondary_disk": [],
            "service_account_id": "",
            "status": "running",
            "timeouts": null,
            "zone": "ru-central1-a"
          },
          "sensitive_attributes": [],
          "identity_schema_version": 0,
          "private": "eyJlMmJmYjczMC1lY2FhLTExZTYtOGY4OC0zNDM2M2JjN2M0YzAiOnsiY3JlYXRlIjozMDAwMDAwMDAwMDAsImRlbGV0ZSI6MzAwMDAwMDAwMDAwLCJ1cGRhdGUiOjMwMDAwMDAwMDAwMH0sInNjaGVtYV92ZXJzaW9uIjoiMSJ9",
          "dependencies": [
            "data.yandex_compute_image.ubuntu",
            "data.yandex_vpc_network.dr",
            "data.yandex_vpc_subnet.dr_a",
            "yandex_vpc_address.vpn_public",
            "yandex_vpc_security_group.vpn_ingress"
          ]
        }
      ]
    },
    {
      "mode": "managed",
      "type": "yandex_vpc_address",
      "name": "vpn_public",
      "provider": "provider[\"registry.terraform.io/yandex-cloud/yandex\"]",
      "instances": [
        {
          "schema_version": 0,
          "attributes": {
            "created_at": "2026-03-03T07:28:36Z",
            "deletion_protection": false,
            "description": "",
            "dns_record": [],
            "external_ipv4_address": [
              {
                "address": "84.201.132.86",
                "ddos_protection_provider": "",
                "outgoing_smtp_capability": "",
                "zone_id": "ru-central1-a"
              }
            ],
            "folder_id": "b1g40ajl11ihbfbj47q1",
            "id": "e9blh0th0v6cvncok50u",
            "labels": {},
            "name": "vpn-public-ip",
            "reserved": true,
            "timeouts": null,
            "used": false
          },
          "sensitive_attributes": [],
          "identity_schema_version": 0,
          "private": "eyJlMmJmYjczMC1lY2FhLTExZTYtOGY4OC0zNDM2M2JjN2M0YzAiOnsiY3JlYXRlIjozMDAwMDAwMDAwMCwiZGVsZXRlIjozMDAwMDAwMDAwMCwidXBkYXRlIjozMDAwMDAwMDAwMH19"
        }
      ]
    },
    {
      "mode": "managed",
      "type": "yandex_vpc_route_table",
      "name": "dr_rt",
      "provider": "provider[\"registry.terraform.io/yandex-cloud/yandex\"]",
      "instances": [
        {
          "schema_version": 0,
          "attributes": {
            "created_at": "2026-03-02T17:40:44Z",
            "description": "",
            "folder_id": "b1g40ajl11ihbfbj47q1",
            "id": "enp0cjae9jtu011os700",
            "labels": {},
            "name": "dr-rt",
            "network_id": "enpg0lpcfbvv1v7eeelr",
            "static_route": [
              {
                "destination_prefix": "10.60.0.0/24",
                "gateway_id": "",
                "next_hop_address": "10.50.10.200"
              },
              {
                "destination_prefix": "192.168.1.0/24",
                "gateway_id": "",
                "next_hop_address": "10.50.10.200"
              }
            ],
            "timeouts": null
          },
          "sensitive_attributes": [],
          "identity_schema_version": 0,
          "private": "eyJlMmJmYjczMC1lY2FhLTExZTYtOGY4OC0zNDM2M2JjN2M0YzAiOnsiY3JlYXRlIjoxODAwMDAwMDAwMDAsImRlbGV0ZSI6MTgwMDAwMDAwMDAwLCJ1cGRhdGUiOjE4MDAwMDAwMDAwMH19",
          "dependencies": [
            "data.yandex_vpc_network.dr"
          ]
        }
      ]
    },
    {
      "mode": "managed",
      "type": "yandex_vpc_security_group",
      "name": "vpn_ingress",
      "provider": "provider[\"registry.terraform.io/yandex-cloud/yandex\"]",
      "instances": [
        {
          "schema_version": 0,
          "attributes": {
            "created_at": "2026-03-05T12:37:54Z",
            "description": "VPN VM: WireGuard road-warrior + SSH from admin",
            "egress": [
              {
                "description": "DNS inside VPC",
                "from_port": -1,
                "id": "enpisgem24jmur7rf50c",
                "labels": {},
                "port": 53,
                "predefined_target": "",
                "protocol": "UDP",
                "security_group_id": "",
                "to_port": -1,
                "v4_cidr_blocks": [
                  "10.50.0.0/16"
                ],
                "v6_cidr_blocks": []
              },
              {
                "description": "HTTP",
                "from_port": -1,
                "id": "enp4j75157f9ff7h9nnb",
                "labels": {},
                "port": 80,
                "predefined_target": "",
                "protocol": "TCP",
                "security_group_id": "",
                "to_port": -1,
                "v4_cidr_blocks": [
                  "0.0.0.0/0"
                ],
                "v6_cidr_blocks": []
              },
              {
                "description": "HTTPS",
                "from_port": -1,
                "id": "enp7e6uctptapd2mphqg",
                "labels": {},
                "port": 443,
                "predefined_target": "",
                "protocol": "TCP",
                "security_group_id": "",
                "to_port": -1,
                "v4_cidr_blocks": [
                  "0.0.0.0/0"
                ],
                "v6_cidr_blocks": []
              },
              {
                "description": "NTP",
                "from_port": -1,
                "id": "enpmt3rsuls6ndqirlfl",
                "labels": {},
                "port": 123,
                "predefined_target": "",
                "protocol": "UDP",
                "security_group_id": "",
                "to_port": -1,
                "v4_cidr_blocks": [
                  "0.0.0.0/0"
                ],
                "v6_cidr_blocks": []
              },
              {
                "description": "To VPC/onprem/WG ranges",
                "from_port": 0,
                "id": "enpj4u2koo7f5dhqn16g",
                "labels": {},
                "port": -1,
                "predefined_target": "",
                "protocol": "ANY",
                "security_group_id": "",
                "to_port": 65535,
                "v4_cidr_blocks": [
                  "10.50.0.0/16",
                  "192.168.1.0/24",
                  "10.60.0.0/24"
                ],
                "v6_cidr_blocks": []
              },
              {
                "description": "YC metadata service",
                "from_port": -1,
                "id": "enphksd39dij84gilno9",
                "labels": {},
                "port": 80,
                "predefined_target": "",
                "protocol": "TCP",
                "security_group_id": "",
                "to_port": -1,
                "v4_cidr_blocks": [
                  "169.254.169.254/32"
                ],
                "v6_cidr_blocks": []
              }
            ],
            "folder_id": "b1g40ajl11ihbfbj47q1",
            "id": "enp0006e5ib1rgcud67p",
            "ingress": [
              {
                "description": "SSH to VPN VM",
                "from_port": -1,
                "id": "enpid762md4obftlpo0g",
                "labels": {},
                "port": 22,
                "predefined_target": "",
                "protocol": "TCP",
                "security_group_id": "",
                "to_port": -1,
                "v4_cidr_blocks": [
                  "212.220.***.***/32"
                ],
                "v6_cidr_blocks": []
              },
              {
                "description": "WireGuard road-warrior",
                "from_port": -1,
                "id": "enp2tto566so9nqj2lg1",
                "labels": {},
                "port": 51820,
                "predefined_target": "",
                "protocol": "UDP",
                "security_group_id": "",
                "to_port": -1,
                "v4_cidr_blocks": [
                  "0.0.0.0/0"
                ],
                "v6_cidr_blocks": []
              }
            ],
            "labels": {},
            "name": "sg-vpn-ingress",
            "network_id": "enpg0lpcfbvv1v7eeelr",
            "status": "ACTIVE",
            "timeouts": null
          },
          "sensitive_attributes": [],
          "identity_schema_version": 0,
          "private": "eyJlMmJmYjczMC1lY2FhLTExZTYtOGY4OC0zNDM2M2JjN2M0YzAiOnsiY3JlYXRlIjoxODAwMDAwMDAwMDAsImRlbGV0ZSI6MTgwMDAwMDAwMDAwLCJ1cGRhdGUiOjE4MDAwMDAwMDAwMH19",
          "dependencies": [
            "data.yandex_vpc_network.dr"
          ]
        }
      ]
    }
  ],
  "check_results": null
}
